github.com/dkotik/oakratelimiter v0.0.1 h1:pxh9PvLym7O2INE8GBPbG9iGHyDWrY1oXTmY6f1BSMQ=
github.com/dkotik/oakratelimiter v0.0.1/go.mod h1:HM4pvYNaN9HOxzSDlPe2r6D5eOCqLGer0Pjyv2cW+b4=
github.com/dkotik/oakratelimiter v0.0.2 h1:273kapm8CPgFnIG5HQQuuOe7Nbf3P0t4+Myx6Ev1h7Q=
github.com/dkotik/oakratelimiter v0.0.2/go.mod h1:HM4pvYNaN9HOxzSDlPe2r6D5eOCqLGer0Pjyv2cW+b4=
github.com/lib/pq v1.10.9 h1:YXG7RB+JIjhP29X+OtkiDnYaXQwpS4JEWq7dtCCRUEw=
github.com/lib/pq v1.10.9/go.mod h1:AlVN5x4E4T544tWzH6hKfbfQvm3HdbOxrmggDNAPY9o=
